
Microsoft Visual Studio Solution File, Format Version 12.00
# Visual Studio Version 16
VisualStudioVersion = 16.0.30330.147
MinimumVisualStudioVersion = 10.0.40219.1
Project("{FAE04EC0-301F-11D3-BF4B-00C04F79EFBC}") = "AnimeShop", "AnimeShop\AnimeShop.csproj", "{8544517C-9B52-47DC-AC28-55164AB34C0B}"
EndProject
Global
	GlobalSection(SolutionConfigurationPlatforms) = preSolution
		Debug|Any CPU = Debug|Any CPU
		Release|Any CPU = Release|Any CPU
	EndGlobalSection
	GlobalSection(ProjectConfigurationPlatforms) = postSolution
		{8544517C-9B52-47DC-AC28-55164AB34C0B}.Debug|Any CPU.ActiveCfg = Debug|Any CPU
		{8544517C-9B52-47DC-AC28-55164AB34C0B}.Debug|Any CPU.Build.0 = Debug|Any CPU
		{8544517C-9B52-47DC-AC28-55164AB34C0B}.Release|Any CPU.ActiveCfg = Release|Any CPU
		{8544517C-9B52-47DC-AC28-55164AB34C0B}.Release|Any CPU.Build.0 = Release|Any CPU
	EndGlobalSection
	GlobalSection(SolutionProperties) = preSolution
		HideSolutionNode = FALSE
	EndGlobalSection
	GlobalSection(ExtensibilityGlobals) = postSolution
		SolutionGuid = {546174AA-9F1D-4E6F-BF7B-8F9A1DA9B4BE}
	EndGlobalSection
EndGlobal
